
Microsoft Visual Studio Solution File, Format Version 12.00
# Visual Studio Version 16
VisualStudioVersion = 16.0.31410.357
MinimumVisualStudioVersion = 10.0.40219.1
Project("{FAE04EC0-301F-11D3-BF4B-00C04F79EFBC}") = "BlazorServerWithBUnit", "BlazorServerWithBUnit\BlazorServerWithBUnit.csproj", "{8668037D-90DC-46B7-ACC6-2239480DA308}"
EndProject
Project("{FAE04EC0-301F-11D3-BF4B-00C04F79EFBC}") = "BlazorServerWithBUnit.Testing", "BlazorServerWithBUnit.Testing\BlazorServerWithBUnit.Testing.csproj", "{0761F42B-5ED8-482F-B899-4F29F9EE9395}"
EndProject
Global
	GlobalSection(SolutionConfigurationPlatforms) = preSolution
		Debug|Any CPU = Debug|Any CPU
		Release|Any CPU = Release|Any CPU
	EndGlobalSection
	GlobalSection(ProjectConfigurationPlatforms) = postSolution
		{8668037D-90DC-46B7-ACC6-2239480DA308}.Debug|Any CPU.ActiveCfg = Debug|Any CPU
		{8668037D-90DC-46B7-ACC6-2239480DA308}.Debug|Any CPU.Build.0 = Debug|Any CPU
		{8668037D-90DC-46B7-ACC6-2239480DA308}.Release|Any CPU.ActiveCfg = Release|Any CPU
		{8668037D-90DC-46B7-ACC6-2239480DA308}.Release|Any CPU.Build.0 = Release|Any CPU
		{0761F42B-5ED8-482F-B899-4F29F9EE9395}.Debug|Any CPU.ActiveCfg = Debug|Any CPU
		{0761F42B-5ED8-482F-B899-4F29F9EE9395}.Debug|Any CPU.Build.0 = Debug|Any CPU
		{0761F42B-5ED8-482F-B899-4F29F9EE9395}.Release|Any CPU.ActiveCfg = Release|Any CPU
		{0761F42B-5ED8-482F-B899-4F29F9EE9395}.Release|Any CPU.Build.0 = Release|Any CPU
	EndGlobalSection
	GlobalSection(SolutionProperties) = preSolution
		HideSolutionNode = FALSE
	EndGlobalSection
	GlobalSection(ExtensibilityGlobals) = postSolution
		SolutionGuid = {2A83CF08-07D0-4A03-858B-1973162771D6}
	EndGlobalSection
EndGlobal
